
Microsoft Visual Studio Solution File, Format Version 12.00
# Visual Studio Version 17
VisualStudioVersion = 17.14.36616.10 d17.14
MinimumVisualStudioVersion = 10.0.40219.1
Project("{FAE04EC0-301F-11D3-BF4B-00C04F79EFBC}") = "MauiApp1", "MauiApp1\MauiApp1.csproj", "{4860EC63-585D-4C19-B350-7819E5288BE1}"
EndProject
Global
	GlobalSection(SolutionConfigurationPlatforms) = preSolution
		Debug|Any CPU = Debug|Any CPU
		Release|Any CPU = Release|Any CPU
	EndGlobalSection
	GlobalSection(ProjectConfigurationPlatforms) = postSolution
		{4860EC63-585D-4C19-B350-7819E5288BE1}.Debug|Any CPU.ActiveCfg = Debug|Any CPU
		{4860EC63-585D-4C19-B350-7819E5288BE1}.Debug|Any CPU.Build.0 = Debug|Any CPU
		{4860EC63-585D-4C19-B350-7819E5288BE1}.Release|Any CPU.ActiveCfg = Release|Any CPU
		{4860EC63-585D-4C19-B350-7819E5288BE1}.Release|Any CPU.Build.0 = Release|Any CPU
	EndGlobalSection
	GlobalSection(SolutionProperties) = preSolution
		HideSolutionNode = FALSE
	EndGlobalSection
	GlobalSection(ExtensibilityGlobals) = postSolution
		SolutionGuid = {E030103A-708D-4756-B490-BA81C7A665F7}
	EndGlobalSection
EndGlobal
